// !$*UTF8*$!
{
	archiveVersion = 1;
	classes = {
	};
	objectVersion = 77;
	objects = {

/* Begin PBXBuildFile section */
		29741E682FB7DE400055CE2A /* GoogleService-Info.plist in Resources */ = {isa = PBXBuildFile; fileRef = 29741E672FB7DE400055CE2A /* GoogleService-Info.plist */; };
		29741E692FB7DE400055CE2A /* GoogleService-Info.plist in Resources */ = {isa = PBXBuildFile; fileRef = 29741E672FB7DE400055CE2A /* GoogleService-Info.plist */; };
		29741E6A2FB7DE400055CE2A /* GoogleService-Info.plist in Resources */ = {isa = PBXBuildFile; fileRef = 29741E672FB7DE400055CE2A /* GoogleService-Info.plist */; };
		29741E6B2FB7DE400055CE2A /* GoogleService-Info.plist in Resources */ = {isa = PBXBuildFile; fileRef = 29741E672FB7DE400055CE2A /* GoogleService-Info.plist */; };
		29741E6D2FB7DF230055CE2A /* GoogleService-Info.template.plist in Resources */ = {isa = PBXBuildFile; fileRef = 29741E6C2FB7DF230055CE2A /* GoogleService-Info.template.plist */; };
		2993319A2FB7CF2200A00859 /* FirebaseAnalytics in Frameworks */ = {isa = PBXBuildFile; productRef = 299331992FB7CF2200A00859 /* FirebaseAnalytics */; };
		2993319C2FB7CF2200A00859 /* FirebaseCrashlytics in Frameworks */ = {isa = PBXBuildFile; productRef = 2993319B2FB7CF2200A00859 /* FirebaseCrashlytics */; };
		2993319F2FB8C6F400A00859 /* FirebaseAnalytics in Frameworks */ = {isa = PBXBuildFile; productRef = 2993319E2FB8C6F400A00859 /* FirebaseAnalytics */; };
		29AB131C2F685CF100432592 /* .swiftformat in Resources */ = {isa = PBXBuildFile; fileRef = 29AB131A2F685CF100432592 /* .swiftformat */; };
		29AB131D2F685CF100432592 /* .swiftlint.yml in Resources */ = {isa = PBXBuildFile; fileRef = 29AB131B2F685CF100432592 /* .swiftlint.yml */; };
		29E264392F5DDA190049F201 /* WidgetKit.framework in Frameworks */ = {isa = PBXBuildFile; fileRef = 29E264382F5DDA190049F201 /* WidgetKit.framework */; };
		29E2643B2F5DDA190049F201 /* SwiftUI.framework in Frameworks */ = {isa = PBXBuildFile; fileRef = 29E2643A2F5DDA190049F201 /* SwiftUI.framework */; };
		29E2644C2F5DDA1A0049F201 /* IncrementWidgetExtension.appex in Embed Foundation Extensions */ = {isa = PBXBuildFile; fileRef = 29E264362F5DDA190049F201 /* IncrementWidgetExtension.appex */; platformFilter = ios; settings = {ATTRIBUTES = (RemoveHeadersOnCopy, ); }; };
/* End PBXBuildFile section */

/* Begin PBXContainerItemProxy section */
		2974E36A2F58EA5600A468C0 /* PBXContainerItemProxy */ = {
			isa = PBXContainerItemProxy;
			containerPortal = 2974E3522F58EA5500A468C0 /* Project object */;
			proxyType = 1;
			remoteGlobalIDString = 2974E3592F58EA5500A468C0;
			remoteInfo = Increment;
		};
		2974E3742F58EA5600A468C0 /* PBXContainerItemProxy */ = {
			isa = PBXContainerItemProxy;
			containerPortal = 2974E3522F58EA5500A468C0 /* Project object */;
			proxyType = 1;
			remoteGlobalIDString = 2974E3592F58EA5500A468C0;
			remoteInfo = Increment;
		};
		29E2644A2F5DDA1A0049F201 /* PBXContainerItemProxy */ = {
			isa = PBXContainerItemProxy;
			containerPortal = 2974E3522F58EA5500A468C0 /* Project object */;
			proxyType = 1;
			remoteGlobalIDString = 29E264352F5DDA190049F201;
			remoteInfo = IncrementWidgetExtension;
		};
/* End PBXContainerItemProxy section */

/* Begin PBXCopyFilesBuildPhase section */
		29E264512F5DDA1A0049F201 /* Embed Foundation Extensions */ = {
			isa = PBXCopyFilesBuildPhase;
			buildActionMask = 2147483647;
			dstPath = "";
			dstSubfolderSpec = 13;
			files = (
				29E2644C2F5DDA1A0049F201 /* IncrementWidgetExtension.appex in Embed Foundation Extensions */,
			);
			name = "Embed Foundation Extensions";
			runOnlyForDeploymentPostprocessing = 0;
		};
/* End PBXCopyFilesBuildPhase section */

/* Begin PBXFileReference section */
		29712F972F62044C0056704D /* IncrementWidgetExtension.entitlements */ = {isa = PBXFileReference; lastKnownFileType = text.plist.entitlements; path = IncrementWidgetExtension.entitlements; sourceTree = "<group>"; };
		29741E672FB7DE400055CE2A /* GoogleService-Info.plist */ = {isa = PBXFileReference; lastKnownFileType = text.plist.xml; path = "GoogleService-Info.plist"; sourceTree = "<group>"; };
		29741E6C2FB7DF230055CE2A /* GoogleService-Info.template.plist */ = {isa = PBXFileReference; lastKnownFileType = text.plist.xml; path = "GoogleService-Info.template.plist"; sourceTree = "<group>"; };
		2974E35A2F58EA5500A468C0 /* Increment.app */ = {isa = PBXFileReference; explicitFileType = wrapper.application; includeInIndex = 0; path = Increment.app; sourceTree = BUILT_PRODUCTS_DIR; };
		2974E3692F58EA5600A468C0 /* IncrementTests.xctest */ = {isa = PBXFileReference; explicitFileType = wrapper.cfbundle; includeInIndex = 0; path = IncrementTests.xctest; sourceTree = BUILT_PRODUCTS_DIR; };
		2974E3732F58EA5600A468C0 /* IncrementUITests.xctest */ = {isa = PBXFileReference; explicitFileType = wrapper.cfbundle; includeInIndex = 0; path = IncrementUITests.xctest; sourceTree = BUILT_PRODUCTS_DIR; };
		29AB131A2F685CF100432592 /* .swiftformat */ = {isa = PBXFileReference; lastKnownFileType = text; path = .swiftformat; sourceTree = "<group>"; };
		29AB131B2F685CF100432592 /* .swiftlint.yml */ = {isa = PBXFileReference; lastKnownFileType = text.yaml; path = .swiftlint.yml; sourceTree = "<group>"; };
		29E264362F5DDA190049F201 /* IncrementWidgetExtension.appex */ = {isa = PBXFileReference; explicitFileType = "wrapper.app-extension"; includeInIndex = 0; path = IncrementWidgetExtension.appex; sourceTree = BUILT_PRODUCTS_DIR; };
		29E264382F5DDA190049F201 /* WidgetKit.framework */ = {isa = PBXFileReference; lastKnownFileType = wrapper.framework; name = WidgetKit.framework; path = System/Library/Frameworks/WidgetKit.framework; sourceTree = SDKROOT; };
		29E2643A2F5DDA190049F201 /* SwiftUI.framework */ = {isa = PBXFileReference; lastKnownFileType = wrapper.framework; name = SwiftUI.framework; path = System/Library/Frameworks/SwiftUI.framework; sourceTree = SDKROOT; };
/* End PBXFileReference section */

/* Begin PBXFileSystemSynchronizedBuildFileExceptionSet section */
		29433BAE2FA6AFFC00C6BADA /* Exceptions for "Increment" folder in "Increment" target */ = {
			isa = PBXFileSystemSynchronizedBuildFileExceptionSet;
			membershipExceptions = (
				Info.plist,
			);
			target = 2974E3592F58EA5500A468C0 /* Increment */;
		};
		29741F1A2FB8B44F0055CE2A /* Exceptions for "Shared" folder in "IncrementTests" target */ = {
			isa = PBXFileSystemSynchronizedBuildFileExceptionSet;
			membershipExceptions = (
				Analytics/AnalyticsClient.swift,
				Analytics/FirebaseAnalyticsClient.swift,
			);
			target = 2974E3682F58EA5600A468C0 /* IncrementTests */;
		};
		29741F1B2FB8B44F0055CE2A /* Exceptions for "Shared" folder in "IncrementUITests" target */ = {
			isa = PBXFileSystemSynchronizedBuildFileExceptionSet;
			membershipExceptions = (
				Analytics/AnalyticsClient.swift,
				Analytics/FirebaseAnalyticsClient.swift,
			);
			target = 2974E3722F58EA5600A468C0 /* IncrementUITests */;
		};
		29E2644D2F5DDA1A0049F201 /* Exceptions for "IncrementWidget" folder in "IncrementWidgetExtension" target */ = {
			isa = PBXFileSystemSynchronizedBuildFileExceptionSet;
			membershipExceptions = (
				Info.plist,
			);
			target = 29E264352F5DDA190049F201 /* IncrementWidgetExtension */;
		};
/* End PBXFileSystemSynchronizedBuildFileExceptionSet section */

/* Begin PBXFileSystemSynchronizedRootGroup section */
		29433BB92FA6BCA900C6BADA /* Shared */ = {
			isa = PBXFileSystemSynchronizedRootGroup;
			exceptions = (
				29741F1A2FB8B44F0055CE2A /* Exceptions for "Shared" folder in "IncrementTests" target */,
				29741F1B2FB8B44F0055CE2A /* Exceptions for "Shared" folder in "IncrementUITests" target */,
			);
			path = Shared;
			sourceTree = "<group>";
		};
		2974E35C2F58EA5500A468C0 /* Increment */ = {
			isa = PBXFileSystemSynchronizedRootGroup;
			exceptions = (
				29433BAE2FA6AFFC00C6BADA /* Exceptions for "Increment" folder in "Increment" target */,
			);
			path = Increment;
			sourceTree = "<group>";
		};
		2974E36C2F58EA5600A468C0 /* IncrementTests */ = {
			isa = PBXFileSystemSynchronizedRootGroup;
			path = IncrementTests;
			sourceTree = "<group>";
		};
		2974E3762F58EA5600A468C0 /* IncrementUITests */ = {
			isa = PBXFileSystemSynchronizedRootGroup;
			path = IncrementUITests;
			sourceTree = "<group>";
		};
		29E2643C2F5DDA190049F201 /* IncrementWidget */ = {
			isa = PBXFileSystemSynchronizedRootGroup;
			exceptions = (
				29E2644D2F5DDA1A0049F201 /* Exceptions for "IncrementWidget" folder in "IncrementWidgetExtension" target */,
			);
			path = IncrementWidget;
			sourceTree = "<group>";
		};
/* End PBXFileSystemSynchronizedRootGroup section */

/* Begin PBXFrameworksBuildPhase section */
		2974E3572F58EA5500A468C0 /* Frameworks */ = {
			isa = PBXFrameworksBuildPhase;
			buildActionMask = 2147483647;
			files = (
				2993319A2FB7CF2200A00859 /* FirebaseAnalytics in Frameworks */,
				2993319C2FB7CF2200A00859 /* FirebaseCrashlytics in Frameworks */,
			);
			runOnlyForDeploymentPostprocessing = 0;
		};
		2974E3662F58EA5600A468C0 /* Frameworks */ = {
			isa = PBXFrameworksBuildPhase;
			buildActionMask = 2147483647;
			files = (
			);
			runOnlyForDeploymentPostprocessing = 0;
		};
		2974E3702F58EA5600A468C0 /* Frameworks */ = {
			isa = PBXFrameworksBuildPhase;
			buildActionMask = 2147483647;
			files = (
			);
			runOnlyForDeploymentPostprocessing = 0;
		};
		29E264332F5DDA190049F201 /* Frameworks */ = {
			isa = PBXFrameworksBuildPhase;
			buildActionMask = 2147483647;
			files = (
				2993319F2FB8C6F400A00859 /* FirebaseAnalytics in Frameworks */,
				29E2643B2F5DDA190049F201 /* SwiftUI.framework in Frameworks */,
				29E264392F5DDA190049F201 /* WidgetKit.framework in Frameworks */,
			);
			runOnlyForDeploymentPostprocessing = 0;
		};
/* End PBXFrameworksBuildPhase section */

/* Begin PBXGroup section */
		2974E3512F58EA5500A468C0 = {
			isa = PBXGroup;
			children = (
				29741E672FB7DE400055CE2A /* GoogleService-Info.plist */,
				29741E6C2FB7DF230055CE2A /* GoogleService-Info.template.plist */,
				29AB131A2F685CF100432592 /* .swiftformat */,
				29AB131B2F685CF100432592 /* .swiftlint.yml */,
				29433BB92FA6BCA900C6BADA /* Shared */,
				29712F972F62044C0056704D /* IncrementWidgetExtension.entitlements */,
				2974E35C2F58EA5500A468C0 /* Increment */,
				2974E36C2F58EA5600A468C0 /* IncrementTests */,
				2974E3762F58EA5600A468C0 /* IncrementUITests */,
				29E2643C2F5DDA190049F201 /* IncrementWidget */,
				29E264372F5DDA190049F201 /* Frameworks */,
				2974E35B2F58EA5500A468C0 /* Products */,
			);
			sourceTree = "<group>";
		};
		2974E35B2F58EA5500A468C0 /* Products */ = {
			isa = PBXGroup;
			children = (
				2974E35A2F58EA5500A468C0 /* Increment.app */,
				2974E3692F58EA5600A468C0 /* IncrementTests.xctest */,
				2974E3732F58EA5600A468C0 /* IncrementUITests.xctest */,
				29E264362F5DDA190049F201 /* IncrementWidgetExtension.appex */,
			);
			name = Products;
			sourceTree = "<group>";
		};
		29E264372F5DDA190049F201 /* Frameworks */ = {
			isa = PBXGroup;
			children = (
				29E264382F5DDA190049F201 /* WidgetKit.framework */,
				29E2643A2F5DDA190049F201 /* SwiftUI.framework */,
			);
			name = Frameworks;
			sourceTree = "<group>";
		};
/* End PBXGroup section */

/* Begin PBXNativeTarget section */
		2974E3592F58EA5500A468C0 /* Increment */ = {
			isa = PBXNativeTarget;
			buildConfigurationList = 2974E37D2F58EA5600A468C0 /* Build configuration list for PBXNativeTarget "Increment" */;
			buildPhases = (
				2974E3562F58EA5500A468C0 /* Sources */,
				2974E3572F58EA5500A468C0 /* Frameworks */,
				2974E3582F58EA5500A468C0 /* Resources */,
				29E264512F5DDA1A0049F201 /* Embed Foundation Extensions */,
				2993319D2FB7D6AD00A00859 /* Upload Crashlytics dSYM */,
			);
			buildRules = (
			);
			dependencies = (
				29E2644B2F5DDA1A0049F201 /* PBXTargetDependency */,
			);
			fileSystemSynchronizedGroups = (
				29433BB92FA6BCA900C6BADA /* Shared */,
				2974E35C2F58EA5500A468C0 /* Increment */,
			);
			name = Increment;
			packageProductDependencies = (
				299331992FB7CF2200A00859 /* FirebaseAnalytics */,
				2993319B2FB7CF2200A00859 /* FirebaseCrashlytics */,
			);
			productName = Increment;
			productReference = 2974E35A2F58EA5500A468C0 /* Increment.app */;
			productType = "com.apple.product-type.application";
		};
		2974E3682F58EA5600A468C0 /* IncrementTests */ = {
			isa = PBXNativeTarget;
			buildConfigurationList = 2974E3802F58EA5600A468C0 /* Build configuration list for PBXNativeTarget "IncrementTests" */;
			buildPhases = (
				2974E3652F58EA5600A468C0 /* Sources */,
				2974E3662F58EA5600A468C0 /* Frameworks */,
				2974E3672F58EA5600A468C0 /* Resources */,
			);
			buildRules = (
			);
			dependencies = (
				2974E36B2F58EA5600A468C0 /* PBXTargetDependency */,
			);
			fileSystemSynchronizedGroups = (
				2974E36C2F58EA5600A468C0 /* IncrementTests */,
			);
			name = IncrementTests;
			packageProductDependencies = (
			);
			productName = IncrementTests;
			productReference = 2974E3692F58EA5600A468C0 /* IncrementTests.xctest */;
			productType = "com.apple.product-type.bundle.unit-test";
		};
		2974E3722F58EA5600A468C0 /* IncrementUITests */ = {
			isa = PBXNativeTarget;
			buildConfigurationList = 2974E3832F58EA5600A468C0 /* Build configuration list for PBXNativeTarget "IncrementUITests" */;
			buildPhases = (
				2974E36F2F58EA5600A468C0 /* Sources */,
				2974E3702F58EA5600A468C0 /* Frameworks */,
				2974E3712F58EA5600A468C0 /* Resources */,
			);
			buildRules = (
			);
			dependencies = (
				2974E3752F58EA5600A468C0 /* PBXTargetDependency */,
			);
			fileSystemSynchronizedGroups = (
				2974E3762F58EA5600A468C0 /* IncrementUITests */,
			);
			name = IncrementUITests;
			packageProductDependencies = (
			);
			productName = IncrementUITests;
			productReference = 2974E3732F58EA5600A468C0 /* IncrementUITests.xctest */;
			productType = "com.apple.product-type.bundle.ui-testing";
		};
		29E264352F5DDA190049F201 /* IncrementWidgetExtension */ = {
			isa = PBXNativeTarget;
			buildConfigurationList = 29E2644E2F5DDA1A0049F201 /* Build configuration list for PBXNativeTarget "IncrementWidgetExtension" */;
			buildPhases = (
				29E264322F5DDA190049F201 /* Sources */,
				29E264332F5DDA190049F201 /* Frameworks */,
				29E264342F5DDA190049F201 /* Resources */,
			);
			buildRules = (
			);
			dependencies = (
			);
			fileSystemSynchronizedGroups = (
				29433BB92FA6BCA900C6BADA /* Shared */,
				29E2643C2F5DDA190049F201 /* IncrementWidget */,
			);
			name = IncrementWidgetExtension;
			packageProductDependencies = (
				2993319E2FB8C6F400A00859 /* FirebaseAnalytics */,
			);
			productName = IncrementWidgetExtension;
			productReference = 29E264362F5DDA190049F201 /* IncrementWidgetExtension.appex */;
			productType = "com.apple.product-type.app-extension";
		};
/* End PBXNativeTarget section */

/* Begin PBXProject section */
		2974E3522F58EA5500A468C0 /* Project object */ = {
			isa = PBXProject;
			attributes = {
				BuildIndependentTargetsInParallel = 1;
				LastSwiftUpdateCheck = 2630;
				LastUpgradeCheck = 2650;
				TargetAttributes = {
					2974E3592F58EA5500A468C0 = {
						CreatedOnToolsVersion = 26.3;
					};
					2974E3682F58EA5600A468C0 = {
						CreatedOnToolsVersion = 26.3;
						TestTargetID = 2974E3592F58EA5500A468C0;
					};
					2974E3722F58EA5600A468C0 = {
						CreatedOnToolsVersion = 26.3;
						TestTargetID = 2974E3592F58EA5500A468C0;
					};
					29E264352F5DDA190049F201 = {
						CreatedOnToolsVersion = 26.3;
					};
				};
			};
			buildConfigurationList = 2974E3552F58EA5500A468C0 /* Build configuration list for PBXProject "Increment" */;
			developmentRegion = en;
			hasScannedForEncodings = 0;
			knownRegions = (
				en,
				Base,
			);
			mainGroup = 2974E3512F58EA5500A468C0;
			minimizedProjectReferenceProxies = 1;
			packageReferences = (
				29E263ED2F5BB3E60049F201 /* XCRemoteSwiftPackageReference "SwiftFormat" */,
				29E263EE2F5BB3F60049F201 /* XCRemoteSwiftPackageReference "SwiftLintPlugins" */,
				299331982FB7CF2200A00859 /* XCRemoteSwiftPackageReference "firebase-ios-sdk" */,
			);
			preferredProjectObjectVersion = 77;
			productRefGroup = 2974E35B2F58EA5500A468C0 /* Products */;
			projectDirPath = "";
			projectRoot = "";
			targets = (
				2974E3592F58EA5500A468C0 /* Increment */,
				2974E3682F58EA5600A468C0 /* IncrementTests */,
				2974E3722F58EA5600A468C0 /* IncrementUITests */,
				29E264352F5DDA190049F201 /* IncrementWidgetExtension */,
			);
		};
/* End PBXProject section */

/* Begin PBXResourcesBuildPhase section */
		2974E3582F58EA5500A468C0 /* Resources */ = {
			isa = PBXResourcesBuildPhase;
			buildActionMask = 2147483647;
			files = (
				29741E6D2FB7DF230055CE2A /* GoogleService-Info.template.plist in Resources */,
				29AB131C2F685CF100432592 /* .swiftformat in Resources */,
				29AB131D2F685CF100432592 /* .swiftlint.yml in Resources */,
				29741E682FB7DE400055CE2A /* GoogleService-Info.plist in Resources */,
			);
			runOnlyForDeploymentPostprocessing = 0;
		};
		2974E3672F58EA5600A468C0 /* Resources */ = {
			isa = PBXResourcesBuildPhase;
			buildActionMask = 2147483647;
			files = (
				29741E6B2FB7DE400055CE2A /* GoogleService-Info.plist in Resources */,
			);
			runOnlyForDeploymentPostprocessing = 0;
		};
		2974E3712F58EA5600A468C0 /* Resources */ = {
			isa = PBXResourcesBuildPhase;
			buildActionMask = 2147483647;
			files = (
				29741E692FB7DE400055CE2A /* GoogleService-Info.plist in Resources */,
			);
			runOnlyForDeploymentPostprocessing = 0;
		};
		29E264342F5DDA190049F201 /* Resources */ = {
			isa = PBXResourcesBuildPhase;
			buildActionMask = 2147483647;
			files = (
				29741E6A2FB7DE400055CE2A /* GoogleService-Info.plist in Resources */,
			);
			runOnlyForDeploymentPostprocessing = 0;
		};
/* End PBXResourcesBuildPhase section */

/* Begin PBXShellScriptBuildPhase section */
		2993319D2FB7D6AD00A00859 /* Upload Crashlytics dSYM */ = {
			isa = PBXShellScriptBuildPhase;
			alwaysOutOfDate = 1;
			buildActionMask = 2147483647;
			files = (
			);
			inputFileListPaths = (
			);
			inputPaths = (
				"${DWARF_DSYM_FOLDER_PATH}/${DWARF_DSYM_FILE_NAME}",
				"${DWARF_DSYM_FOLDER_PATH}/${DWARF_DSYM_FILE_NAME}/Contents/Resources/DWARF/${PRODUCT_NAME}",
				"${DWARF_DSYM_FOLDER_PATH}/${DWARF_DSYM_FILE_NAME}/Contents/Info.plist",
				"${TARGET_BUILD_DIR}/${UNLOCALIZED_RESOURCES_FOLDER_PATH}/GoogleService-Info.plist",
				"${TARGET_BUILD_DIR}/${EXECUTABLE_PATH}",
			);
			name = "Upload Crashlytics dSYM";
			outputFileListPaths = (
			);
			outputPaths = (
			);
			runOnlyForDeploymentPostprocessing = 0;
			shellPath = /bin/sh;
			shellScript = "if [ -f \"${TARGET_BUILD_DIR}/${UNLOCALIZED_RESOURCES_FOLDER_PATH}/GoogleService-Info.plist\" ]; then\n  \"${BUILD_DIR%/Build/*}/SourcePackages/checkouts/firebase-ios-sdk/Crashlytics/run\"\nelse\n  echo \"Skipping Crashlytics upload: GoogleService-Info.plist not found.\"\nfi\n";
		};
/* End PBXShellScriptBuildPhase section */

/* Begin PBXSourcesBuildPhase section */
		2974E3562F58EA5500A468C0 /* Sources */ = {
			isa = PBXSourcesBuildPhase;
			buildActionMask = 2147483647;
			files = (
			);
			runOnlyForDeploymentPostprocessing = 0;
		};
		2974E3652F58EA5600A468C0 /* Sources */ = {
			isa = PBXSourcesBuildPhase;
			buildActionMask = 2147483647;
			files = (
			);
			runOnlyForDeploymentPostprocessing = 0;
		};
		2974E36F2F58EA5600A468C0 /* Sources */ = {
			isa = PBXSourcesBuildPhase;
			buildActionMask = 2147483647;
			files = (
			);
			runOnlyForDeploymentPostprocessing = 0;
		};
		29E264322F5DDA190049F201 /* Sources */ = {
			isa = PBXSourcesBuildPhase;
			buildActionMask = 2147483647;
			files = (
			);
			runOnlyForDeploymentPostprocessing = 0;
		};
/* End PBXSourcesBuildPhase section */

/* Begin PBXTargetDependency section */
		2974E36B2F58EA5600A468C0 /* PBXTargetDependency */ = {
			isa = PBXTargetDependency;
			target = 2974E3592F58EA5500A468C0 /* Increment */;
			targetProxy = 2974E36A2F58EA5600A468C0 /* PBXContainerItemProxy */;
		};
		2974E3752F58EA5600A468C0 /* PBXTargetDependency */ = {
			isa = PBXTargetDependency;
			target = 2974E3592F58EA5500A468C0 /* Increment */;
			targetProxy = 2974E3742F58EA5600A468C0 /* PBXContainerItemProxy */;
		};
		29E2644B2F5DDA1A0049F201 /* PBXTargetDependency */ = {
			isa = PBXTargetDependency;
			platformFilter = ios;
			target = 29E264352F5DDA190049F201 /* IncrementWidgetExtension */;
			targetProxy = 29E2644A2F5DDA1A0049F201 /* PBXContainerItemProxy */;
		};
/* End PBXTargetDependency section */

/* Begin XCBuildConfiguration section */
		2974E37B2F58EA5600A468C0 /* Debug */ = {
			isa = XCBuildConfiguration;
			buildSettings = {
				ALWAYS_SEARCH_USER_PATHS = NO;
				ASSETCATALOG_COMPILER_GENERATE_SWIFT_ASSET_SYMBOL_EXTENSIONS = YES;
				CLANG_ANALYZER_NONNULL = YES;
				CLANG_ANALYZER_NUMBER_OBJECT_CONVERSION = YES_AGGRESSIVE;
				CLANG_CXX_LANGUAGE_STANDARD = "gnu++20";
				CLANG_ENABLE_MODULES = YES;
				CLANG_ENABLE_OBJC_ARC = YES;
				CLANG_ENABLE_OBJC_WEAK = YES;
				CLANG_WARN_BLOCK_CAPTURE_AUTORELEASING = YES;
				CLANG_WARN_BOOL_CONVERSION = YES;
				CLANG_WARN_COMMA = YES;
				CLANG_WARN_CONSTANT_CONVERSION = YES;
				CLANG_WARN_DEPRECATED_OBJC_IMPLEMENTATIONS = YES;
				CLANG_WARN_DIRECT_OBJC_ISA_USAGE = YES_ERROR;
				CLANG_WARN_DOCUMENTATION_COMMENTS = YES;
				CLANG_WARN_EMPTY_BODY = YES;
				CLANG_WARN_ENUM_CONVERSION = YES;
				CLANG_WARN_INFINITE_RECURSION = YES;
				CLANG_WARN_INT_CONVERSION = YES;
				CLANG_WARN_NON_LITERAL_NULL_CONVERSION = YES;
				CLANG_WARN_OBJC_IMPLICIT_RETAIN_SELF = YES;
				CLANG_WARN_OBJC_LITERAL_CONVERSION = YES;
				CLANG_WARN_OBJC_ROOT_CLASS = YES_ERROR;
				CLANG_WARN_QUOTED_INCLUDE_IN_FRAMEWORK_HEADER = YES;
				CLANG_WARN_RANGE_LOOP_ANALYSIS = YES;
				CLANG_WARN_STRICT_PROTOTYPES = YES;
				CLANG_WARN_SUSPICIOUS_MOVE = YES;
				CLANG_WARN_UNGUARDED_AVAILABILITY = YES_AGGRESSIVE;
				CLANG_WARN_UNREACHABLE_CODE = YES;
				CLANG_WARN__DUPLICATE_METHOD_MATCH = YES;
				COPY_PHASE_STRIP = NO;
				DEAD_CODE_STRIPPING = YES;
				DEBUG_INFORMATION_FORMAT = "dwarf-with-dsym";
				DEVELOPMENT_TEAM = 4HM8AA4867;
				ENABLE_STRICT_OBJC_MSGSEND = YES;
				ENABLE_TESTABILITY = YES;
				ENABLE_USER_SCRIPT_SANDBOXING = YES;
				GCC_C_LANGUAGE_STANDARD = gnu17;
				GCC_DYNAMIC_NO_PIC = NO;
				GCC_NO_COMMON_BLOCKS = YES;
				GCC_OPTIMIZATION_LEVEL = 0;
				GCC_PREPROCESSOR_DEFINITIONS = (
					"DEBUG=1",
					"$(inherited)",
				);
				GCC_WARN_64_TO_32_BIT_CONVERSION = YES;
				GCC_WARN_ABOUT_RETURN_TYPE = YES_ERROR;
				GCC_WARN_UNDECLARED_SELECTOR = YES;
				GCC_WARN_UNINITIALIZED_AUTOS = YES_AGGRESSIVE;
				GCC_WARN_UNUSED_FUNCTION = YES;
				GCC_WARN_UNUSED_VARIABLE = YES;
				LOCALIZATION_PREFERS_STRING_CATALOGS = YES;
				MTL_ENABLE_DEBUG_INFO = INCLUDE_SOURCE;
				MTL_FAST_MATH = YES;
				ONLY_ACTIVE_ARCH = YES;
				STRING_CATALOG_GENERATE_SYMBOLS = YES;
				SWIFT_ACTIVE_COMPILATION_CONDITIONS = "DEBUG $(inherited)";
				SWIFT_OPTIMIZATION_LEVEL = "-Onone";
			};
			name = Debug;
		};
		2974E37C2F58EA5600A468C0 /* Release */ = {
			isa = XCBuildConfiguration;
			buildSettings = {
				ALWAYS_SEARCH_USER_PATHS = NO;
				ASSETCATALOG_COMPILER_GENERATE_SWIFT_ASSET_SYMBOL_EXTENSIONS = YES;
				CLANG_ANALYZER_NONNULL = YES;
				CLANG_ANALYZER_NUMBER_OBJECT_CONVERSION = YES_AGGRESSIVE;
				CLANG_CXX_LANGUAGE_STANDARD = "gnu++20";
				CLANG_ENABLE_MODULES = YES;
				CLANG_ENABLE_OBJC_ARC = YES;
				CLANG_ENABLE_OBJC_WEAK = YES;
				CLANG_WARN_BLOCK_CAPTURE_AUTORELEASING = YES;
				CLANG_WARN_BOOL_CONVERSION = YES;
				CLANG_WARN_COMMA = YES;
				CLANG_WARN_CONSTANT_CONVERSION = YES;
				CLANG_WARN_DEPRECATED_OBJC_IMPLEMENTATIONS = YES;
				CLANG_WARN_DIRECT_OBJC_ISA_USAGE = YES_ERROR;
				CLANG_WARN_DOCUMENTATION_COMMENTS = YES;
				CLANG_WARN_EMPTY_BODY = YES;
				CLANG_WARN_ENUM_CONVERSION = YES;
				CLANG_WARN_INFINITE_RECURSION = YES;
				CLANG_WARN_INT_CONVERSION = YES;
				CLANG_WARN_NON_LITERAL_NULL_CONVERSION = YES;
				CLANG_WARN_OBJC_IMPLICIT_RETAIN_SELF = YES;
				CLANG_WARN_OBJC_LITERAL_CONVERSION = YES;
				CLANG_WARN_OBJC_ROOT_CLASS = YES_ERROR;
				CLANG_WARN_QUOTED_INCLUDE_IN_FRAMEWORK_HEADER = YES;
				CLANG_WARN_RANGE_LOOP_ANALYSIS = YES;
				CLANG_WARN_STRICT_PROTOTYPES = YES;
				CLANG_WARN_SUSPICIOUS_MOVE = YES;
				CLANG_WARN_UNGUARDED_AVAILABILITY = YES_AGGRESSIVE;
				CLANG_WARN_UNREACHABLE_CODE = YES;
				CLANG_WARN__DUPLICATE_METHOD_MATCH = YES;
				COPY_PHASE_STRIP = NO;
				DEAD_CODE_STRIPPING = YES;
				DEBUG_INFORMATION_FORMAT = "dwarf-with-dsym";
				DEVELOPMENT_TEAM = 4HM8AA4867;
				ENABLE_NS_ASSERTIONS = NO;
				ENABLE_STRICT_OBJC_MSGSEND = YES;
				ENABLE_USER_SCRIPT_SANDBOXING = YES;
				GCC_C_LANGUAGE_STANDARD = gnu17;
				GCC_NO_COMMON_BLOCKS = YES;
				GCC_WARN_64_TO_32_BIT_CONVERSION = YES;
				GCC_WARN_ABOUT_RETURN_TYPE = YES_ERROR;
				GCC_WARN_UNDECLARED_SELECTOR = YES;
				GCC_WARN_UNINITIALIZED_AUTOS = YES_AGGRESSIVE;
				GCC_WARN_UNUSED_FUNCTION = YES;
				GCC_WARN_UNUSED_VARIABLE = YES;
				LOCALIZATION_PREFERS_STRING_CATALOGS = YES;
				MTL_ENABLE_DEBUG_INFO = NO;
				MTL_FAST_MATH = YES;
				STRING_CATALOG_GENERATE_SYMBOLS = YES;
				SWIFT_COMPILATION_MODE = wholemodule;
			};
			name = Release;
		};
		2974E37E2F58EA5600A468C0 /* Debug */ = {
			isa = XCBuildConfiguration;
			baseConfigurationReferenceAnchor = 2974E35C2F58EA5500A468C0 /* Increment */;
			baseConfigurationReferenceRelativePath = Config/Debug.xcconfig;
			buildSettings = {
				ASSETCATALOG_COMPILER_APPICON_NAME = AppIcon;
				ASSETCATALOG_COMPILER_GLOBAL_ACCENT_COLOR_NAME = AccentColor;
				CODE_SIGN_ENTITLEMENTS = Increment/Increment.entitlements;
				CODE_SIGN_STYLE = Automatic;
				CURRENT_PROJECT_VERSION = 1;
				DEAD_CODE_STRIPPING = YES;
				DEVELOPMENT_TEAM = 4HM8AA4867;
				ENABLE_APP_SANDBOX = YES;
				ENABLE_HARDENED_RUNTIME = YES;
				ENABLE_PREVIEWS = YES;
				ENABLE_USER_SELECTED_FILES = readonly;
				GENERATE_INFOPLIST_FILE = YES;
				INFOPLIST_FILE = Increment/Info.plist;
				INFOPLIST_KEY_LSApplicationCategoryType = "public.app-category.utilities";
				INFOPLIST_KEY_NSSupportsLiveActivities = YES;
				"INFOPLIST_KEY_UIApplicationSceneManifest_Generation[sdk=iphoneos*]" = YES;
				"INFOPLIST_KEY_UIApplicationSceneManifest_Generation[sdk=iphonesimulator*]" = YES;
				"INFOPLIST_KEY_UIApplicationSupportsIndirectInputEvents[sdk=iphoneos*]" = YES;
				"INFOPLIST_KEY_UIApplicationSupportsIndirectInputEvents[sdk=iphonesimulator*]" = YES;
				"INFOPLIST_KEY_UILaunchScreen_Generation[sdk=iphoneos*]" = YES;
				"INFOPLIST_KEY_UILaunchScreen_Generation[sdk=iphonesimulator*]" = YES;
				"INFOPLIST_KEY_UIStatusBarStyle[sdk=iphoneos*]" = UIStatusBarStyleDefault;
				"INFOPLIST_KEY_UIStatusBarStyle[sdk=iphonesimulator*]" = UIStatusBarStyleDefault;
				INFOPLIST_KEY_UISupportedInterfaceOrientations_iPad = "UIInterfaceOrientationPortrait UIInterfaceOrientationPortraitUpsideDown UIInterfaceOrientationLandscapeLeft UIInterfaceOrientationLandscapeRight";
				INFOPLIST_KEY_UISupportedInterfaceOrientations_iPhone = "UIInterfaceOrientationPortrait UIInterfaceOrientationLandscapeLeft UIInterfaceOrientationLandscapeRight";
				IPHONEOS_DEPLOYMENT_TARGET = 26.2;
				LD_RUNPATH_SEARCH_PATHS = "@executable_path/Frameworks";
				"LD_RUNPATH_SEARCH_PATHS[sdk=macosx*]" = "@executable_path/../Frameworks";
				MACOSX_DEPLOYMENT_TARGET = 26.2;
				MARKETING_VERSION = 1.0;
				PRODUCT_BUNDLE_IDENTIFIER = pottsProjects.Increment;
				PRODUCT_NAME = "$(TARGET_NAME)";
				REGISTER_APP_GROUPS = YES;
				SDKROOT = auto;
				STRING_CATALOG_GENERATE_SYMBOLS = YES;
				SUPPORTED_PLATFORMS = "iphoneos iphonesimulator macosx xros xrsimulator";
				SWIFT_APPROACHABLE_CONCURRENCY = YES;
				SWIFT_DEFAULT_ACTOR_ISOLATION = MainActor;
				SWIFT_EMIT_LOC_STRINGS = YES;
				SWIFT_UPCOMING_FEATURE_MEMBER_IMPORT_VISIBILITY = YES;
				SWIFT_VERSION = 5.0;
				TARGETED_DEVICE_FAMILY = "1,2,7";
				XROS_DEPLOYMENT_TARGET = 26.2;
			};
			name = Debug;
		};
		2974E37F2F58EA5600A468C0 /* Release */ = {
			isa = XCBuildConfiguration;
			baseConfigurationReferenceAnchor = 2974E35C2F58EA5500A468C0 /* Increment */;
			baseConfigurationReferenceRelativePath = Config/Release.xcconfig;
			buildSettings = {
				ASSETCATALOG_COMPILER_APPICON_NAME = AppIcon;
				ASSETCATALOG_COMPILER_GLOBAL_ACCENT_COLOR_NAME = AccentColor;
				CODE_SIGN_ENTITLEMENTS = Increment/Increment.entitlements;
				CODE_SIGN_STYLE = Automatic;
				CURRENT_PROJECT_VERSION = 1;
				DEAD_CODE_STRIPPING = YES;
				DEVELOPMENT_TEAM = 4HM8AA4867;
				ENABLE_APP_SANDBOX = YES;
				ENABLE_HARDENED_RUNTIME = YES;
				ENABLE_PREVIEWS = YES;
				ENABLE_USER_SELECTED_FILES = readonly;
				GENERATE_INFOPLIST_FILE = YES;
				INFOPLIST_FILE = Increment/Info.plist;
				INFOPLIST_KEY_LSApplicationCategoryType = "public.app-category.utilities";
				INFOPLIST_KEY_NSSupportsLiveActivities = YES;
				"INFOPLIST_KEY_UIApplicationSceneManifest_Generation[sdk=iphoneos*]" = YES;
				"INFOPLIST_KEY_UIApplicationSceneManifest_Generation[sdk=iphonesimulator*]" = YES;
				"INFOPLIST_KEY_UIApplicationSupportsIndirectInputEvents[sdk=iphoneos*]" = YES;
				"INFOPLIST_KEY_UIApplicationSupportsIndirectInputEvents[sdk=iphonesimulator*]" = YES;
				"INFOPLIST_KEY_UILaunchScreen_Generation[sdk=iphoneos*]" = YES;
				"INFOPLIST_KEY_UILaunchScreen_Generation[sdk=iphonesimulator*]" = YES;
				"INFOPLIST_KEY_UIStatusBarStyle[sdk=iphoneos*]" = UIStatusBarStyleDefault;
				"INFOPLIST_KEY_UIStatusBarStyle[sdk=iphonesimulator*]" = UIStatusBarStyleDefault;
				INFOPLIST_KEY_UISupportedInterfaceOrientations_iPad = "UIInterfaceOrientationPortrait UIInterfaceOrientationPortraitUpsideDown UIInterfaceOrientationLandscapeLeft UIInterfaceOrientationLandscapeRight";
				INFOPLIST_KEY_UISupportedInterfaceOrientations_iPhone = "UIInterfaceOrientationPortrait UIInterfaceOrientationLandscapeLeft UIInterfaceOrientationLandscapeRight";
				IPHONEOS_DEPLOYMENT_TARGET = 26.2;
				LD_RUNPATH_SEARCH_PATHS = "@executable_path/Frameworks";
				"LD_RUNPATH_SEARCH_PATHS[sdk=macosx*]" = "@executable_path/../Frameworks";
				MACOSX_DEPLOYMENT_TARGET = 26.2;
				MARKETING_VERSION = 1.0;
				PRODUCT_BUNDLE_IDENTIFIER = pottsProjects.Increment;
				PRODUCT_NAME = "$(TARGET_NAME)";
				REGISTER_APP_GROUPS = YES;
				SDKROOT = auto;
				STRING_CATALOG_GENERATE_SYMBOLS = YES;
				SUPPORTED_PLATFORMS = "iphoneos iphonesimulator macosx xros xrsimulator";
				SWIFT_APPROACHABLE_CONCURRENCY = YES;
				SWIFT_DEFAULT_ACTOR_ISOLATION = MainActor;
				SWIFT_EMIT_LOC_STRINGS = YES;
				SWIFT_UPCOMING_FEATURE_MEMBER_IMPORT_VISIBILITY = YES;
				SWIFT_VERSION = 5.0;
				TARGETED_DEVICE_FAMILY = "1,2,7";
				XROS_DEPLOYMENT_TARGET = 26.2;
			};
			name = Release;
		};
		2974E3812F58EA5600A468C0 /* Debug */ = {
			isa = XCBuildConfiguration;
			buildSettings = {
				BUNDLE_LOADER = "$(TEST_HOST)";
				CODE_SIGN_STYLE = Automatic;
				CURRENT_PROJECT_VERSION = 1;
				DEAD_CODE_STRIPPING = YES;
				DEVELOPMENT_TEAM = 4HM8AA4867;
				GENERATE_INFOPLIST_FILE = YES;
				IPHONEOS_DEPLOYMENT_TARGET = 26.2;
				MACOSX_DEPLOYMENT_TARGET = 26.2;
				MARKETING_VERSION = 1.0;
				PRODUCT_BUNDLE_IDENTIFIER = pottsProjects.IncrementTests;
				PRODUCT_NAME = "$(TARGET_NAME)";
				SDKROOT = auto;
				STRING_CATALOG_GENERATE_SYMBOLS = NO;
				SUPPORTED_PLATFORMS = "iphoneos iphonesimulator macosx xros xrsimulator";
				SWIFT_APPROACHABLE_CONCURRENCY = YES;
				SWIFT_EMIT_LOC_STRINGS = NO;
				SWIFT_UPCOMING_FEATURE_MEMBER_IMPORT_VISIBILITY = YES;
				SWIFT_VERSION = 5.0;
				TARGETED_DEVICE_FAMILY = "1,2,7";
				TEST_HOST = "$(BUILT_PRODUCTS_DIR)/Increment.app/$(BUNDLE_EXECUTABLE_FOLDER_PATH)/Increment";
				XROS_DEPLOYMENT_TARGET = 26.2;
			};
			name = Debug;
		};
		2974E3822F58EA5600A468C0 /* Release */ = {
			isa = XCBuildConfiguration;
			buildSettings = {
				BUNDLE_LOADER = "$(TEST_HOST)";
				CODE_SIGN_STYLE = Automatic;
				CURRENT_PROJECT_VERSION = 1;
				DEAD_CODE_STRIPPING = YES;
				DEVELOPMENT_TEAM = 4HM8AA4867;
				GENERATE_INFOPLIST_FILE = YES;
				IPHONEOS_DEPLOYMENT_TARGET = 26.2;
				MACOSX_DEPLOYMENT_TARGET = 26.2;
				MARKETING_VERSION = 1.0;
				PRODUCT_BUNDLE_IDENTIFIER = pottsProjects.IncrementTests;
				PRODUCT_NAME = "$(TARGET_NAME)";
				SDKROOT = auto;
				STRING_CATALOG_GENERATE_SYMBOLS = NO;
				SUPPORTED_PLATFORMS = "iphoneos iphonesimulator macosx xros xrsimulator";
				SWIFT_APPROACHABLE_CONCURRENCY = YES;
				SWIFT_EMIT_LOC_STRINGS = NO;
				SWIFT_UPCOMING_FEATURE_MEMBER_IMPORT_VISIBILITY = YES;
				SWIFT_VERSION = 5.0;
				TARGETED_DEVICE_FAMILY = "1,2,7";
				TEST_HOST = "$(BUILT_PRODUCTS_DIR)/Increment.app/$(BUNDLE_EXECUTABLE_FOLDER_PATH)/Increment";
				XROS_DEPLOYMENT_TARGET = 26.2;
			};
			name = Release;
		};
		2974E3842F58EA5600A468C0 /* Debug */ = {
			isa = XCBuildConfiguration;
			buildSettings = {
				CODE_SIGN_STYLE = Automatic;
				CURRENT_PROJECT_VERSION = 1;
				DEAD_CODE_STRIPPING = YES;
				DEVELOPMENT_TEAM = 4HM8AA4867;
				GENERATE_INFOPLIST_FILE = YES;
				IPHONEOS_DEPLOYMENT_TARGET = 26.2;
				MACOSX_DEPLOYMENT_TARGET = 26.2;
				MARKETING_VERSION = 1.0;
				PRODUCT_BUNDLE_IDENTIFIER = pottsProjects.IncrementUITests;
				PRODUCT_NAME = "$(TARGET_NAME)";
				SDKROOT = auto;
				STRING_CATALOG_GENERATE_SYMBOLS = NO;
				SUPPORTED_PLATFORMS = "iphoneos iphonesimulator macosx xros xrsimulator";
				SWIFT_APPROACHABLE_CONCURRENCY = YES;
				SWIFT_EMIT_LOC_STRINGS = NO;
				SWIFT_UPCOMING_FEATURE_MEMBER_IMPORT_VISIBILITY = YES;
				SWIFT_VERSION = 5.0;
				TARGETED_DEVICE_FAMILY = "1,2,7";
				TEST_TARGET_NAME = Increment;
				XROS_DEPLOYMENT_TARGET = 26.2;
			};
			name = Debug;
		};
		2974E3852F58EA5600A468C0 /* Release */ = {
			isa = XCBuildConfiguration;
			buildSettings = {
				CODE_SIGN_STYLE = Automatic;
				CURRENT_PROJECT_VERSION = 1;
				DEAD_CODE_STRIPPING = YES;
				DEVELOPMENT_TEAM = 4HM8AA4867;
				GENERATE_INFOPLIST_FILE = YES;
				IPHONEOS_DEPLOYMENT_TARGET = 26.2;
				MACOSX_DEPLOYMENT_TARGET = 26.2;
				MARKETING_VERSION = 1.0;
				PRODUCT_BUNDLE_IDENTIFIER = pottsProjects.IncrementUITests;
				PRODUCT_NAME = "$(TARGET_NAME)";
				SDKROOT = auto;
				STRING_CATALOG_GENERATE_SYMBOLS = NO;
				SUPPORTED_PLATFORMS = "iphoneos iphonesimulator macosx xros xrsimulator";
				SWIFT_APPROACHABLE_CONCURRENCY = YES;
				SWIFT_EMIT_LOC_STRINGS = NO;
				SWIFT_UPCOMING_FEATURE_MEMBER_IMPORT_VISIBILITY = YES;
				SWIFT_VERSION = 5.0;
				TARGETED_DEVICE_FAMILY = "1,2,7";
				TEST_TARGET_NAME = Increment;
				XROS_DEPLOYMENT_TARGET = 26.2;
			};
			name = Release;
		};
		29E2644F2F5DDA1A0049F201 /* Debug */ = {
			isa = XCBuildConfiguration;
			buildSettings = {
				ASSETCATALOG_COMPILER_GLOBAL_ACCENT_COLOR_NAME = AccentColor;
				ASSETCATALOG_COMPILER_WIDGET_BACKGROUND_COLOR_NAME = WidgetBackground;
				CODE_SIGN_ENTITLEMENTS = IncrementWidgetExtension.entitlements;
				CODE_SIGN_STYLE = Automatic;
				CURRENT_PROJECT_VERSION = 1;
				DEVELOPMENT_TEAM = 4HM8AA4867;
				GENERATE_INFOPLIST_FILE = YES;
				INFOPLIST_FILE = IncrementWidget/Info.plist;
				INFOPLIST_KEY_CFBundleDisplayName = IncrementWidget;
				INFOPLIST_KEY_NSHumanReadableCopyright = "";
				INFOPLIST_KEY_NSSupportsLiveActivities = YES;
				IPHONEOS_DEPLOYMENT_TARGET = 26.2;
				LD_RUNPATH_SEARCH_PATHS = (
					"$(inherited)",
					"@executable_path/Frameworks",
					"@executable_path/../../Frameworks",
				);
				MARKETING_VERSION = 1.0;
				PRODUCT_BUNDLE_IDENTIFIER = pottsProjects.Increment.IncrementWidget;
				PRODUCT_NAME = "$(TARGET_NAME)";
				SDKROOT = iphoneos;
				SKIP_INSTALL = YES;
				STRING_CATALOG_GENERATE_SYMBOLS = YES;
				SWIFT_APPROACHABLE_CONCURRENCY = YES;
				SWIFT_EMIT_LOC_STRINGS = YES;
				SWIFT_UPCOMING_FEATURE_MEMBER_IMPORT_VISIBILITY = YES;
				SWIFT_VERSION = 5.0;
				TARGETED_DEVICE_FAMILY = "1,2";
			};
			name = Debug;
		};
		29E264502F5DDA1A0049F201 /* Release */ = {
			isa = XCBuildConfiguration;
			buildSettings = {
				ASSETCATALOG_COMPILER_GLOBAL_ACCENT_COLOR_NAME = AccentColor;
				ASSETCATALOG_COMPILER_WIDGET_BACKGROUND_COLOR_NAME = WidgetBackground;
				CODE_SIGN_ENTITLEMENTS = IncrementWidgetExtension.entitlements;
				CODE_SIGN_STYLE = Automatic;
				CURRENT_PROJECT_VERSION = 1;
				DEVELOPMENT_TEAM = 4HM8AA4867;
				GENERATE_INFOPLIST_FILE = YES;
				INFOPLIST_FILE = IncrementWidget/Info.plist;
				INFOPLIST_KEY_CFBundleDisplayName = IncrementWidget;
				INFOPLIST_KEY_NSHumanReadableCopyright = "";
				INFOPLIST_KEY_NSSupportsLiveActivities = YES;
				IPHONEOS_DEPLOYMENT_TARGET = 26.2;
				LD_RUNPATH_SEARCH_PATHS = (
					"$(inherited)",
					"@executable_path/Frameworks",
					"@executable_path/../../Frameworks",
				);
				MARKETING_VERSION = 1.0;
				PRODUCT_BUNDLE_IDENTIFIER = pottsProjects.Increment.IncrementWidget;
				PRODUCT_NAME = "$(TARGET_NAME)";
				SDKROOT = iphoneos;
				SKIP_INSTALL = YES;
				STRING_CATALOG_GENERATE_SYMBOLS = YES;
				SWIFT_APPROACHABLE_CONCURRENCY = YES;
				SWIFT_EMIT_LOC_STRINGS = YES;
				SWIFT_UPCOMING_FEATURE_MEMBER_IMPORT_VISIBILITY = YES;
				SWIFT_VERSION = 5.0;
				TARGETED_DEVICE_FAMILY = "1,2";
				VALIDATE_PRODUCT = YES;
			};
			name = Release;
		};
/* End XCBuildConfiguration section */

/* Begin XCConfigurationList section */
		2974E3552F58EA5500A468C0 /* Build configuration list for PBXProject "Increment" */ = {
			isa = XCConfigurationList;
			buildConfigurations = (
				2974E37B2F58EA5600A468C0 /* Debug */,
				2974E37C2F58EA5600A468C0 /* Release */,
			);
			defaultConfigurationIsVisible = 0;
			defaultConfigurationName = Release;
		};
		2974E37D2F58EA5600A468C0 /* Build configuration list for PBXNativeTarget "Increment" */ = {
			isa = XCConfigurationList;
			buildConfigurations = (
				2974E37E2F58EA5600A468C0 /* Debug */,
				2974E37F2F58EA5600A468C0 /* Release */,
			);
			defaultConfigurationIsVisible = 0;
			defaultConfigurationName = Release;
		};
		2974E3802F58EA5600A468C0 /* Build configuration list for PBXNativeTarget "IncrementTests" */ = {
			isa = XCConfigurationList;
			buildConfigurations = (
				2974E3812F58EA5600A468C0 /* Debug */,
				2974E3822F58EA5600A468C0 /* Release */,
			);
			defaultConfigurationIsVisible = 0;
			defaultConfigurationName = Release;
		};
		2974E3832F58EA5600A468C0 /* Build configuration list for PBXNativeTarget "IncrementUITests" */ = {
			isa = XCConfigurationList;
			buildConfigurations = (
				2974E3842F58EA5600A468C0 /* Debug */,
				2974E3852F58EA5600A468C0 /* Release */,
			);
			defaultConfigurationIsVisible = 0;
			defaultConfigurationName = Release;
		};
		29E2644E2F5DDA1A0049F201 /* Build configuration list for PBXNativeTarget "IncrementWidgetExtension" */ = {
			isa = XCConfigurationList;
			buildConfigurations = (
				29E2644F2F5DDA1A0049F201 /* Debug */,
				29E264502F5DDA1A0049F201 /* Release */,
			);
			defaultConfigurationIsVisible = 0;
			defaultConfigurationName = Release;
		};
/* End XCConfigurationList section */

/* Begin XCRemoteSwiftPackageReference section */
		299331982FB7CF2200A00859 /* XCRemoteSwiftPackageReference "firebase-ios-sdk" */ = {
			isa = XCRemoteSwiftPackageReference;
			repositoryURL = "https://github.com/firebase/firebase-ios-sdk.git";
			requirement = {
				kind = upToNextMajorVersion;
				minimumVersion = 12.13.0;
			};
		};
		29E263ED2F5BB3E60049F201 /* XCRemoteSwiftPackageReference "SwiftFormat" */ = {
			isa = XCRemoteSwiftPackageReference;
			repositoryURL = "https://github.com/nicklockwood/SwiftFormat";
			requirement = {
				kind = upToNextMajorVersion;
				minimumVersion = 0.60.0;
			};
		};
		29E263EE2F5BB3F60049F201 /* XCRemoteSwiftPackageReference "SwiftLintPlugins" */ = {
			isa = XCRemoteSwiftPackageReference;
			repositoryURL = "https://github.com/SimplyDanny/SwiftLintPlugins";
			requirement = {
				kind = upToNextMajorVersion;
				minimumVersion = 0.63.2;
			};
		};
/* End XCRemoteSwiftPackageReference section */

/* Begin XCSwiftPackageProductDependency section */
		299331992FB7CF2200A00859 /* FirebaseAnalytics */ = {
			isa = XCSwiftPackageProductDependency;
			package = 299331982FB7CF2200A00859 /* XCRemoteSwiftPackageReference "firebase-ios-sdk" */;
			productName = FirebaseAnalytics;
		};
		2993319B2FB7CF2200A00859 /* FirebaseCrashlytics */ = {
			isa = XCSwiftPackageProductDependency;
			package = 299331982FB7CF2200A00859 /* XCRemoteSwiftPackageReference "firebase-ios-sdk" */;
			productName = FirebaseCrashlytics;
		};
		2993319E2FB8C6F400A00859 /* FirebaseAnalytics */ = {
			isa = XCSwiftPackageProductDependency;
			package = 299331982FB7CF2200A00859 /* XCRemoteSwiftPackageReference "firebase-ios-sdk" */;
			productName = FirebaseAnalytics;
		};
/* End XCSwiftPackageProductDependency section */
	};
	rootObject = 2974E3522F58EA5500A468C0 /* Project object */;
}
